{
  "originHash" : "bdb6c3616c558ebb3321a5a22c5a387cadda2b0231063bfe6e53a172eab1dc33",
  "pins" : [
    {
      "identity" : "orsserialport",
      "kind" : "remoteSourceControl",
      "location" : "https://github.com/armadsen/ORSSerialPort.git",
      "state" : {
        "revision" : "58a8cc454304e22280f184c2d2e25ecb3d5a74c5",
        "version" : "2.1.0"
      }
    }
  ],
  "version" : 3
}
