{
  "originHash" : "7d380b4d571b4c6e04fd6cf6d855ad6e100ac2846b64487b2d5de1dcd417a59a",
  "pins" : [
    {
      "identity" : "orsserialport",
      "kind" : "remoteSourceControl",
      "location" : "https://github.com/armadsen/ORSSerialPort.git",
      "state" : {
        "revision" : "58a8cc454304e22280f184c2d2e25ecb3d5a74c5",
        "version" : "2.1.0"
      }
    }
  ],
  "version" : 3
}
